
Microsoft Visual Studio Solution File, Format Version 12.00
# Visual Studio 15
Project("{FAE04EC0-301F-11D3-BF4B-00C04F79EFBC}") = "Scare.Android", "Scare.Android\Scare.Android.csproj", "{99683B7A-3182-471F-95BD-2801CD0A7B29}"
EndProject
Project("{FAE04EC0-301F-11D3-BF4B-00C04F79EFBC}") = "Scare.iOS", "Scare.iOS\Scare.iOS.csproj", "{82847023-5C98-42DA-91FF-59E9D75B7B20}"
EndProject
Project("{FAE04EC0-301F-11D3-BF4B-00C04F79EFBC}") = "Scare", "Scare\Scare.csproj", "{0D84E888-C4C6-4E9F-BCB8-1873486D5588}"
EndProject
Global
	GlobalSection(SolutionConfigurationPlatforms) = preSolution
		Debug|Any CPU = Debug|Any CPU
		Release|Any CPU = Release|Any CPU
		Debug|iPhoneSimulator = Debug|iPhoneSimulator
		Release|iPhoneSimulator = Release|iPhoneSimulator
		Debug|iPhone = Debug|iPhone
		Release|iPhone = Release|iPhone
		Ad-Hoc|iPhone = Ad-Hoc|iPhone
		AppStore|iPhone = AppStore|iPhone
	EndGlobalSection
	GlobalSection(ProjectConfigurationPlatforms) = postSolution
		{99683B7A-3182-471F-95BD-2801CD0A7B29}.Debug|Any CPU.ActiveCfg = Debug|Any CPU
		{99683B7A-3182-471F-95BD-2801CD0A7B29}.Debug|Any CPU.Build.0 = Debug|Any CPU
		{99683B7A-3182-471F-95BD-2801CD0A7B29}.Release|Any CPU.ActiveCfg = Release|Any CPU
		{99683B7A-3182-471F-95BD-2801CD0A7B29}.Release|Any CPU.Build.0 = Release|Any CPU
		{99683B7A-3182-471F-95BD-2801CD0A7B29}.Debug|iPhoneSimulator.ActiveCfg = Debug|Any CPU
		{99683B7A-3182-471F-95BD-2801CD0A7B29}.Debug|iPhoneSimulator.Build.0 = Debug|Any CPU
		{99683B7A-3182-471F-95BD-2801CD0A7B29}.Release|iPhoneSimulator.ActiveCfg = Release|Any CPU
		{99683B7A-3182-471F-95BD-2801CD0A7B29}.Release|iPhoneSimulator.Build.0 = Release|Any CPU
		{99683B7A-3182-471F-95BD-2801CD0A7B29}.Debug|iPhone.ActiveCfg = Debug|Any CPU
		{99683B7A-3182-471F-95BD-2801CD0A7B29}.Debug|iPhone.Build.0 = Debug|Any CPU
		{99683B7A-3182-471F-95BD-2801CD0A7B29}.Release|iPhone.ActiveCfg = Release|Any CPU
		{99683B7A-3182-471F-95BD-2801CD0A7B29}.Release|iPhone.Build.0 = Release|Any CPU
		{99683B7A-3182-471F-95BD-2801CD0A7B29}.Ad-Hoc|iPhone.ActiveCfg = Debug|Any CPU
		{99683B7A-3182-471F-95BD-2801CD0A7B29}.Ad-Hoc|iPhone.Build.0 = Debug|Any CPU
		{99683B7A-3182-471F-95BD-2801CD0A7B29}.AppStore|iPhone.ActiveCfg = Debug|Any CPU
		{99683B7A-3182-471F-95BD-2801CD0A7B29}.AppStore|iPhone.Build.0 = Debug|Any CPU
		{82847023-5C98-42DA-91FF-59E9D75B7B20}.Debug|Any CPU.ActiveCfg = Debug|iPhoneSimulator
		{82847023-5C98-42DA-91FF-59E9D75B7B20}.Debug|Any CPU.Build.0 = Debug|iPhoneSimulator
		{82847023-5C98-42DA-91FF-59E9D75B7B20}.Release|Any CPU.ActiveCfg = Release|iPhoneSimulator
		{82847023-5C98-42DA-91FF-59E9D75B7B20}.Release|Any CPU.Build.0 = Release|iPhoneSimulator
		{82847023-5C98-42DA-91FF-59E9D75B7B20}.Debug|iPhoneSimulator.ActiveCfg = Debug|iPhoneSimulator
		{82847023-5C98-42DA-91FF-59E9D75B7B20}.Debug|iPhoneSimulator.Build.0 = Debug|iPhoneSimulator
		{82847023-5C98-42DA-91FF-59E9D75B7B20}.Release|iPhoneSimulator.ActiveCfg = Release|iPhoneSimulator
		{82847023-5C98-42DA-91FF-59E9D75B7B20}.Release|iPhoneSimulator.Build.0 = Release|iPhoneSimulator
		{82847023-5C98-42DA-91FF-59E9D75B7B20}.Debug|iPhone.ActiveCfg = Debug|iPhone
		{82847023-5C98-42DA-91FF-59E9D75B7B20}.Debug|iPhone.Build.0 = Debug|iPhone
		{82847023-5C98-42DA-91FF-59E9D75B7B20}.Release|iPhone.ActiveCfg = Release|iPhone
		{82847023-5C98-42DA-91FF-59E9D75B7B20}.Release|iPhone.Build.0 = Release|iPhone
		{82847023-5C98-42DA-91FF-59E9D75B7B20}.Ad-Hoc|iPhone.ActiveCfg = Ad-Hoc|iPhone
		{82847023-5C98-42DA-91FF-59E9D75B7B20}.Ad-Hoc|iPhone.Build.0 = Ad-Hoc|iPhone
		{82847023-5C98-42DA-91FF-59E9D75B7B20}.AppStore|iPhone.ActiveCfg = AppStore|iPhone
		{82847023-5C98-42DA-91FF-59E9D75B7B20}.AppStore|iPhone.Build.0 = AppStore|iPhone
		{0D84E888-C4C6-4E9F-BCB8-1873486D5588}.Debug|Any CPU.ActiveCfg = Debug|Any CPU
		{0D84E888-C4C6-4E9F-BCB8-1873486D5588}.Debug|Any CPU.Build.0 = Debug|Any CPU
		{0D84E888-C4C6-4E9F-BCB8-1873486D5588}.Release|Any CPU.ActiveCfg = Release|Any CPU
		{0D84E888-C4C6-4E9F-BCB8-1873486D5588}.Release|Any CPU.Build.0 = Release|Any CPU
		{0D84E888-C4C6-4E9F-BCB8-1873486D5588}.Debug|iPhoneSimulator.ActiveCfg = Debug|Any CPU
		{0D84E888-C4C6-4E9F-BCB8-1873486D5588}.Debug|iPhoneSimulator.Build.0 = Debug|Any CPU
		{0D84E888-C4C6-4E9F-BCB8-1873486D5588}.Release|iPhoneSimulator.ActiveCfg = Release|Any CPU
		{0D84E888-C4C6-4E9F-BCB8-1873486D5588}.Release|iPhoneSimulator.Build.0 = Release|Any CPU
		{0D84E888-C4C6-4E9F-BCB8-1873486D5588}.Debug|iPhone.ActiveCfg = Debug|Any CPU
		{0D84E888-C4C6-4E9F-BCB8-1873486D5588}.Debug|iPhone.Build.0 = Debug|Any CPU
		{0D84E888-C4C6-4E9F-BCB8-1873486D5588}.Release|iPhone.ActiveCfg = Release|Any CPU
		{0D84E888-C4C6-4E9F-BCB8-1873486D5588}.Release|iPhone.Build.0 = Release|Any CPU
		{0D84E888-C4C6-4E9F-BCB8-1873486D5588}.Ad-Hoc|iPhone.ActiveCfg = Debug|Any CPU
		{0D84E888-C4C6-4E9F-BCB8-1873486D5588}.Ad-Hoc|iPhone.Build.0 = Debug|Any CPU
		{0D84E888-C4C6-4E9F-BCB8-1873486D5588}.AppStore|iPhone.ActiveCfg = Debug|Any CPU
		{0D84E888-C4C6-4E9F-BCB8-1873486D5588}.AppStore|iPhone.Build.0 = Debug|Any CPU
	EndGlobalSection
EndGlobal
